
Microsoft Visual Studio Solution File, Format Version 12.00
# Visual Studio Version 17
VisualStudioVersion = 17.9.34728.123
MinimumVisualStudioVersion = 10.0.40219.1
Project("{9A19103F-16F7-4668-BE54-9A1E7A4F7556}") = "AttackMyApp", "AttackMyApp\AttackMyApp.csproj", "{26E86713-DED4-490D-8349-C495B2D40FA3}"
EndProject
Project("{FAE04EC0-301F-11D3-BF4B-00C04F79EFBC}") = "Aplication", "Aplication\Aplication.csproj", "{78428656-A3C1-4A0C-A217-7B20DD9054B3}"
EndProject
Project("{FAE04EC0-301F-11D3-BF4B-00C04F79EFBC}") = "Domain", "Domain\Domain.csproj", "{5521DF11-1AE2-417C-A7A3-C2BDC9BA81E0}"
EndProject
Project("{FAE04EC0-301F-11D3-BF4B-00C04F79EFBC}") = "Infrastructure", "Infrastructure\Infrastructure.csproj", "{A6179673-F075-4132-B700-92459F0499DF}"
EndProject
Global
	GlobalSection(SolutionConfigurationPlatforms) = preSolution
		Debug|Any CPU = Debug|Any CPU
		Release|Any CPU = Release|Any CPU
	EndGlobalSection
	GlobalSection(ProjectConfigurationPlatforms) = postSolution
		{26E86713-DED4-490D-8349-C495B2D40FA3}.Debug|Any CPU.ActiveCfg = Debug|Any CPU
		{26E86713-DED4-490D-8349-C495B2D40FA3}.Debug|Any CPU.Build.0 = Debug|Any CPU
		{26E86713-DED4-490D-8349-C495B2D40FA3}.Release|Any CPU.ActiveCfg = Release|Any CPU
		{26E86713-DED4-490D-8349-C495B2D40FA3}.Release|Any CPU.Build.0 = Release|Any CPU
		{78428656-A3C1-4A0C-A217-7B20DD9054B3}.Debug|Any CPU.ActiveCfg = Debug|Any CPU
		{78428656-A3C1-4A0C-A217-7B20DD9054B3}.Debug|Any CPU.Build.0 = Debug|Any CPU
		{78428656-A3C1-4A0C-A217-7B20DD9054B3}.Release|Any CPU.ActiveCfg = Release|Any CPU
		{78428656-A3C1-4A0C-A217-7B20DD9054B3}.Release|Any CPU.Build.0 = Release|Any CPU
		{5521DF11-1AE2-417C-A7A3-C2BDC9BA81E0}.Debug|Any CPU.ActiveCfg = Debug|Any CPU
		{5521DF11-1AE2-417C-A7A3-C2BDC9BA81E0}.Debug|Any CPU.Build.0 = Debug|Any CPU
		{5521DF11-1AE2-417C-A7A3-C2BDC9BA81E0}.Release|Any CPU.ActiveCfg = Release|Any CPU
		{5521DF11-1AE2-417C-A7A3-C2BDC9BA81E0}.Release|Any CPU.Build.0 = Release|Any CPU
		{A6179673-F075-4132-B700-92459F0499DF}.Debug|Any CPU.ActiveCfg = Debug|Any CPU
		{A6179673-F075-4132-B700-92459F0499DF}.Debug|Any CPU.Build.0 = Debug|Any CPU
		{A6179673-F075-4132-B700-92459F0499DF}.Release|Any CPU.ActiveCfg = Release|Any CPU
		{A6179673-F075-4132-B700-92459F0499DF}.Release|Any CPU.Build.0 = Release|Any CPU
	EndGlobalSection
	GlobalSection(SolutionProperties) = preSolution
		HideSolutionNode = FALSE
	EndGlobalSection
	GlobalSection(ExtensibilityGlobals) = postSolution
		SolutionGuid = {2ACB24F6-B26A-44C9-B38B-92121C366865}
	EndGlobalSection
EndGlobal
